
Microsoft Visual Studio Solution File, Format Version 12.00
# Visual Studio Version 16
VisualStudioVersion = 16.0.32126.315
MinimumVisualStudioVersion = 10.0.40219.1
Project("{FAE04EC0-301F-11D3-BF4B-00C04F79EFBC}") = "chetu_app", "chetu_app\chetu_app.csproj", "{13315B04-6535-472F-A523-E6E4746A130F}"
EndProject
Global
	GlobalSection(SolutionConfigurationPlatforms) = preSolution
		Debug|Any CPU = Debug|Any CPU
		Release|Any CPU = Release|Any CPU
	EndGlobalSection
	GlobalSection(ProjectConfigurationPlatforms) = postSolution
		{13315B04-6535-472F-A523-E6E4746A130F}.Debug|Any CPU.ActiveCfg = Debug|Any CPU
		{13315B04-6535-472F-A523-E6E4746A130F}.Debug|Any CPU.Build.0 = Debug|Any CPU
		{13315B04-6535-472F-A523-E6E4746A130F}.Release|Any CPU.ActiveCfg = Release|Any CPU
		{13315B04-6535-472F-A523-E6E4746A130F}.Release|Any CPU.Build.0 = Release|Any CPU
	EndGlobalSection
	GlobalSection(SolutionProperties) = preSolution
		HideSolutionNode = FALSE
	EndGlobalSection
	GlobalSection(ExtensibilityGlobals) = postSolution
		SolutionGuid = {09E14A8E-D570-4A97-B9F9-B82137A3B5BC}
	EndGlobalSection
EndGlobal
